# THIS IS AN AUTOGENERATED FILE. DO NOT EDIT THIS FILE DIRECTLY.
# yarn lockfile v1


"@rlvt/datasources-openapi-client@^0.0.0-6a149b9":
  version "0.0.0-6a149b9"
  resolved "https://registry.yarnpkg.com/@rlvt/datasources-openapi-client/-/datasources-openapi-client-0.0.0-6a149b9.tgz#6b5ea99c58cd3336626546c11d4ff86d015c033e"
  integrity sha512-W77pspQ61eEj8zqtYkx+KWNhlajkPHONCVvrFn4fOKW+psvyJZG1Y3LmJzpjmeoGaQus6QbDc0PjettTTUloSA==
  dependencies:
    axios "^0.21.1"

"@rlvt/entity-manager-openapi-client@^0.0.0-233ce98":
  version "0.0.0-233ce98"
  resolved "https://registry.yarnpkg.com/@rlvt/entity-manager-openapi-client/-/entity-manager-openapi-client-0.0.0-233ce98.tgz#eab84f697858d6478551bb10c44864ba3b7f13a9"
  integrity sha512-zW3hPSQGl+donL7ozaJaultCG3f4fvtKDE6RvRTk3dp9fBO5/ygJ3XLBpSqW3VCgaiyEPcTFaJknimjtXgSgjQ==
  dependencies:
    axios "^0.20.0"

"@types/node@^14.14.36":
  version "14.14.36"
  resolved "https://registry.yarnpkg.com/@types/node/-/node-14.14.36.tgz#5637905dbb15c30a33a3c65b9ef7c20e3c85ebad"
  integrity sha512-kjivUwDJfIjngzbhooRnOLhGYz6oRFi+L+EpMjxroDYXwDw9lHrJJ43E+dJ6KAd3V3WxWAJ/qZE9XKYHhjPOFQ==

axios@^0.20.0:
  version "0.20.0"
  resolved "https://registry.yarnpkg.com/axios/-/axios-0.20.0.tgz#057ba30f04884694993a8cd07fa394cff11c50bd"
  integrity sha512-ANA4rr2BDcmmAQLOKft2fufrtuvlqR+cXNNinUmvfeSNCOF98PZL+7M/v1zIdGo7OLjEA9J2gXJL+j4zGsl0bA==
  dependencies:
    follow-redirects "^1.10.0"

axios@^0.21.1:
  version "0.21.1"
  resolved "https://registry.yarnpkg.com/axios/-/axios-0.21.1.tgz#22563481962f4d6bde9a76d516ef0e5d3c09b2b8"
  integrity sha512-dKQiRHxGD9PPRIUNIWvZhPTPpl1rf/OxTYKsqKUDjBwYylTvV7SjSHJb9ratfyzM6wCdLCOYLzs73qpg5c4iGA==
  dependencies:
    follow-redirects "^1.10.0"

follow-redirects@^1.10.0:
  version "1.13.3"
  resolved "https://registry.yarnpkg.com/follow-redirects/-/follow-redirects-1.13.3.tgz#e5598ad50174c1bc4e872301e82ac2cd97f90267"
  integrity sha512-DUgl6+HDzB0iEptNQEXLx/KhTmDb8tZUHSeLqpnjpknR70H0nC2t9N73BK6fN4hOvJ84pKlIQVQ4k5FFlBedKA==
