# THIS IS AN AUTOGENERATED FILE. DO NOT EDIT THIS FILE DIRECTLY.
# yarn lockfile v1


"@rlvt/blocks-openapi-client@^0.0.0-32204e8":
  version "0.0.0-32204e8"
  resolved "https://registry.yarnpkg.com/@rlvt/blocks-openapi-client/-/blocks-openapi-client-0.0.0-32204e8.tgz#8f49424a88e33007be01f8f86dafe43085820f97"
  integrity sha512-6MBByrWCr0H9HHcbWIF8HJB4R2a8eC5FPYRN2QWg0B1ewb+gFxIsLUJtLPhIBOOttFZv7FELC0AVUVpRkBmJRw==
  dependencies:
    axios "^0.21.1"

"@rlvt/openapi-client-utils@^0.1.0":
  version "0.1.0"
  resolved "https://registry.yarnpkg.com/@rlvt/openapi-client-utils/-/openapi-client-utils-0.1.0.tgz#a2732534ae3d07d93721fc08b3b7b42c6c518692"
  integrity sha512-+kkQ+nYlRFLTwq0CJDPVGVRmwFpuF3/6EsPFNxAO0NYir1zzfBfOyUvgJGLFAcB96Cb1ai/9ZJ52Xk0RKC5O4Q==
  dependencies:
    await-of "^3.1.0"
    axios "^0.21.1"

"@types/node@^14.14.36":
  version "14.14.36"
  resolved "https://registry.yarnpkg.com/@types/node/-/node-14.14.36.tgz#5637905dbb15c30a33a3c65b9ef7c20e3c85ebad"
  integrity sha512-kjivUwDJfIjngzbhooRnOLhGYz6oRFi+L+EpMjxroDYXwDw9lHrJJ43E+dJ6KAd3V3WxWAJ/qZE9XKYHhjPOFQ==

await-of@^3.1.0:
  version "3.1.0"
  resolved "https://registry.yarnpkg.com/await-of/-/await-of-3.1.0.tgz#9c211570b0294f79456e0f598010dc341accf668"
  integrity sha512-tVvzIx4MNE4pX4S2iSulqKiZj+Zv7riYDuCrMoAQMP7XujQttP80RTf73S0DM20Vonrd+4I+hvOid1k/MVyKvg==

axios@^0.21.1:
  version "0.21.1"
  resolved "https://registry.yarnpkg.com/axios/-/axios-0.21.1.tgz#22563481962f4d6bde9a76d516ef0e5d3c09b2b8"
  integrity sha512-dKQiRHxGD9PPRIUNIWvZhPTPpl1rf/OxTYKsqKUDjBwYylTvV7SjSHJb9ratfyzM6wCdLCOYLzs73qpg5c4iGA==
  dependencies:
    follow-redirects "^1.10.0"

follow-redirects@^1.10.0:
  version "1.13.3"
  resolved "https://registry.yarnpkg.com/follow-redirects/-/follow-redirects-1.13.3.tgz#e5598ad50174c1bc4e872301e82ac2cd97f90267"
  integrity sha512-DUgl6+HDzB0iEptNQEXLx/KhTmDb8tZUHSeLqpnjpknR70H0nC2t9N73BK6fN4hOvJ84pKlIQVQ4k5FFlBedKA==
